// !$*UTF8*$!
{
	archiveVersion = 1;
	classes = {
	};
	objectVersion = 50;
	objects = {

/* Begin PBXBuildFile section */
		24E277702645A15D00CBFB2A /* AppDelegate.swift in Sources */ = {isa = PBXBuildFile; fileRef = 24E2776F2645A15D00CBFB2A /* AppDelegate.swift */; };
		24E277722645A15D00CBFB2A /* SceneDelegate.swift in Sources */ = {isa = PBXBuildFile; fileRef = 24E277712645A15D00CBFB2A /* SceneDelegate.swift */; };
		24E277742645A15D00CBFB2A /* ViewController.swift in Sources */ = {isa = PBXBuildFile; fileRef = 24E277732645A15D00CBFB2A /* ViewController.swift */; };
		24E277792645A15E00CBFB2A /* Assets.xcassets in Resources */ = {isa = PBXBuildFile; fileRef = 24E277782645A15E00CBFB2A /* Assets.xcassets */; };
		24E2777C2645A15E00CBFB2A /* LaunchScreen.storyboard in Resources */ = {isa = PBXBuildFile; fileRef = 24E2777A2645A15E00CBFB2A /* LaunchScreen.storyboard */; };
		24E2778C2646E12A00CBFB2A /* Main.storyboard in Resources */ = {isa = PBXBuildFile; fileRef = 24E2778B2646E12A00CBFB2A /* Main.storyboard */; };
		24E2778F2646F57500CBFB2A /* MailCell.swift in Sources */ = {isa = PBXBuildFile; fileRef = 24E2778D2646F57500CBFB2A /* MailCell.swift */; };
		24E277902646F57500CBFB2A /* MailCell.xib in Resources */ = {isa = PBXBuildFile; fileRef = 24E2778E2646F57500CBFB2A /* MailCell.xib */; };
		24E2779526471DFC00CBFB2A /* NewMessageController.swift in Sources */ = {isa = PBXBuildFile; fileRef = 24E2779426471DFC00CBFB2A /* NewMessageController.swift */; };
		24E27797264833B300CBFB2A /* Message.swift in Sources */ = {isa = PBXBuildFile; fileRef = 24E27796264833B300CBFB2A /* Message.swift */; };
/* End PBXBuildFile section */

/* Begin PBXFileReference section */
		24E2776C2645A15D00CBFB2A /* TableView.app */ = {isa = PBXFileReference; explicitFileType = wrapper.application; includeInIndex = 0; path = TableView.app; sourceTree = BUILT_PRODUCTS_DIR; };
		24E2776F2645A15D00CBFB2A /* AppDelegate.swift */ = {isa = PBXFileReference; lastKnownFileType = sourcecode.swift; path = AppDelegate.swift; sourceTree = "<group>"; };
		24E277712645A15D00CBFB2A /* SceneDelegate.swift */ = {isa = PBXFileReference; lastKnownFileType = sourcecode.swift; path = SceneDelegate.swift; sourceTree = "<group>"; };
		24E277732645A15D00CBFB2A /* ViewController.swift */ = {isa = PBXFileReference; lastKnownFileType = sourcecode.swift; path = ViewController.swift; sourceTree = "<group>"; };
		24E277782645A15E00CBFB2A /* Assets.xcassets */ = {isa = PBXFileReference; lastKnownFileType = folder.assetcatalog; path = Assets.xcassets; sourceTree = "<group>"; };
		24E2777B2645A15E00CBFB2A /* Base */ = {isa = PBXFileReference; lastKnownFileType = file.storyboard; name = Base; path = Base.lproj/LaunchScreen.storyboard; sourceTree = "<group>"; };
		24E2777D2645A15E00CBFB2A /* Info.plist */ = {isa = PBXFileReference; lastKnownFileType = text.plist.xml; path = Info.plist; sourceTree = "<group>"; };
		24E2778B2646E12A00CBFB2A /* Main.storyboard */ = {isa = PBXFileReference; fileEncoding = 4; lastKnownFileType = file.storyboard; path = Main.storyboard; sourceTree = "<group>"; };
		24E2778D2646F57500CBFB2A /* MailCell.swift */ = {isa = PBXFileReference; lastKnownFileType = sourcecode.swift; path = MailCell.swift; sourceTree = "<group>"; };
		24E2778E2646F57500CBFB2A /* MailCell.xib */ = {isa = PBXFileReference; lastKnownFileType = file.xib; path = MailCell.xib; sourceTree = "<group>"; };
		24E2779426471DFC00CBFB2A /* NewMessageController.swift */ = {isa = PBXFileReference; lastKnownFileType = sourcecode.swift; path = NewMessageController.swift; sourceTree = "<group>"; };
		24E27796264833B300CBFB2A /* Message.swift */ = {isa = PBXFileReference; lastKnownFileType = sourcecode.swift; path = Message.swift; sourceTree = "<group>"; };
/* End PBXFileReference section */

/* Begin PBXFrameworksBuildPhase section */
		24E277692645A15D00CBFB2A /* Frameworks */ = {
			isa = PBXFrameworksBuildPhase;
			buildActionMask = 2147483647;
			files = (
			);
			runOnlyForDeploymentPostprocessing = 0;
		};
/* End PBXFrameworksBuildPhase section */

/* Begin PBXGroup section */
		24E277632645A15D00CBFB2A = {
			isa = PBXGroup;
			children = (
				24E2776E2645A15D00CBFB2A /* TableView */,
				24E2776D2645A15D00CBFB2A /* Products */,
			);
			sourceTree = "<group>";
		};
		24E2776D2645A15D00CBFB2A /* Products */ = {
			isa = PBXGroup;
			children = (
				24E2776C2645A15D00CBFB2A /* TableView.app */,
			);
			name = Products;
			sourceTree = "<group>";
		};
		24E2776E2645A15D00CBFB2A /* TableView */ = {
			isa = PBXGroup;
			children = (
				24E2776F2645A15D00CBFB2A /* AppDelegate.swift */,
				24E277712645A15D00CBFB2A /* SceneDelegate.swift */,
				24E277912646F97E00CBFB2A /* Model */,
				24E277922646F99100CBFB2A /* View */,
				24E277932646F9A300CBFB2A /* MessageController */,
				24E277782645A15E00CBFB2A /* Assets.xcassets */,
				24E2777A2645A15E00CBFB2A /* LaunchScreen.storyboard */,
				24E2777D2645A15E00CBFB2A /* Info.plist */,
			);
			path = TableView;
			sourceTree = "<group>";
		};
		24E277912646F97E00CBFB2A /* Model */ = {
			isa = PBXGroup;
			children = (
				24E27796264833B300CBFB2A /* Message.swift */,
			);
			path = Model;
			sourceTree = "<group>";
		};
		24E277922646F99100CBFB2A /* View */ = {
			isa = PBXGroup;
			children = (
				24E2778E2646F57500CBFB2A /* MailCell.xib */,
				24E2778B2646E12A00CBFB2A /* Main.storyboard */,
			);
			path = View;
			sourceTree = "<group>";
		};
		24E277932646F9A300CBFB2A /* MessageController */ = {
			isa = PBXGroup;
			children = (
				24E277732645A15D00CBFB2A /* ViewController.swift */,
				24E2779426471DFC00CBFB2A /* NewMessageController.swift */,
				24E2778D2646F57500CBFB2A /* MailCell.swift */,
			);
			path = MessageController;
			sourceTree = "<group>";
		};
/* End PBXGroup section */

/* Begin PBXNativeTarget section */
		24E2776B2645A15D00CBFB2A /* TableView */ = {
			isa = PBXNativeTarget;
			buildConfigurationList = 24E277802645A15E00CBFB2A /* Build configuration list for PBXNativeTarget "TableView" */;
			buildPhases = (
				24E277682645A15D00CBFB2A /* Sources */,
				24E277692645A15D00CBFB2A /* Frameworks */,
				24E2776A2645A15D00CBFB2A /* Resources */,
				24E27870264D5A6200CBFB2A /* ShellScript */,
			);
			buildRules = (
			);
			dependencies = (
			);
			name = TableView;
			productName = TableView;
			productReference = 24E2776C2645A15D00CBFB2A /* TableView.app */;
			productType = "com.apple.product-type.application";
		};
/* End PBXNativeTarget section */

/* Begin PBXProject section */
		24E277642645A15D00CBFB2A /* Project object */ = {
			isa = PBXProject;
			attributes = {
				LastSwiftUpdateCheck = 1250;
				LastUpgradeCheck = 1250;
				TargetAttributes = {
					24E2776B2645A15D00CBFB2A = {
						CreatedOnToolsVersion = 12.5;
					};
				};
			};
			buildConfigurationList = 24E277672645A15D00CBFB2A /* Build configuration list for PBXProject "TableView" */;
			compatibilityVersion = "Xcode 9.3";
			developmentRegion = en;
			hasScannedForEncodings = 0;
			knownRegions = (
				en,
				Base,
			);
			mainGroup = 24E277632645A15D00CBFB2A;
			productRefGroup = 24E2776D2645A15D00CBFB2A /* Products */;
			projectDirPath = "";
			projectRoot = "";
			targets = (
				24E2776B2645A15D00CBFB2A /* TableView */,
			);
		};
/* End PBXProject section */

/* Begin PBXResourcesBuildPhase section */
		24E2776A2645A15D00CBFB2A /* Resources */ = {
			isa = PBXResourcesBuildPhase;
			buildActionMask = 2147483647;
			files = (
				24E277902646F57500CBFB2A /* MailCell.xib in Resources */,
				24E2777C2645A15E00CBFB2A /* LaunchScreen.storyboard in Resources */,
				24E277792645A15E00CBFB2A /* Assets.xcassets in Resources */,
				24E2778C2646E12A00CBFB2A /* Main.storyboard in Resources */,
			);
			runOnlyForDeploymentPostprocessing = 0;
		};
/* End PBXResourcesBuildPhase section */

/* Begin PBXShellScriptBuildPhase section */
		24E27870264D5A6200CBFB2A /* ShellScript */ = {
			isa = PBXShellScriptBuildPhase;
			buildActionMask = 2147483647;
			files = (
			);
			inputFileListPaths = (
			);
			inputPaths = (
			);
			outputFileListPaths = (
			);
			outputPaths = (
			);
			runOnlyForDeploymentPostprocessing = 0;
			shellPath = /bin/sh;
			shellScript = "if which swiftlint >/dev/null; then\n  swiftlint\nelse\n  echo \"error: SwiftLint not installed, download from https://github.com/realm/SwiftLint\"\n  exit 1\n  fi\n\n";
		};
/* End PBXShellScriptBuildPhase section */

/* Begin PBXSourcesBuildPhase section */
		24E277682645A15D00CBFB2A /* Sources */ = {
			isa = PBXSourcesBuildPhase;
			buildActionMask = 2147483647;
			files = (
				24E2778F2646F57500CBFB2A /* MailCell.swift in Sources */,
				24E2779526471DFC00CBFB2A /* NewMessageController.swift in Sources */,
				24E277742645A15D00CBFB2A /* ViewController.swift in Sources */,
				24E27797264833B300CBFB2A /* Message.swift in Sources */,
				24E277702645A15D00CBFB2A /* AppDelegate.swift in Sources */,
				24E277722645A15D00CBFB2A /* SceneDelegate.swift in Sources */,
			);
			runOnlyForDeploymentPostprocessing = 0;
		};
/* End PBXSourcesBuildPhase section */

/* Begin PBXVariantGroup section */
		24E2777A2645A15E00CBFB2A /* LaunchScreen.storyboard */ = {
			isa = PBXVariantGroup;
			children = (
				24E2777B2645A15E00CBFB2A /* Base */,
			);
			name = LaunchScreen.storyboard;
			sourceTree = "<group>";
		};
/* End PBXVariantGroup section */

/* Begin XCBuildConfiguration section */
		24E2777E2645A15E00CBFB2A /* Debug */ = {
			isa = XCBuildConfiguration;
			buildSettings = {
				ALWAYS_SEARCH_USER_PATHS = NO;
				CLANG_ANALYZER_NONNULL = YES;
				CLANG_ANALYZER_NUMBER_OBJECT_CONVERSION = YES_AGGRESSIVE;
				CLANG_CXX_LANGUAGE_STANDARD = "gnu++14";
				CLANG_CXX_LIBRARY = "libc++";
				CLANG_ENABLE_MODULES = YES;
				CLANG_ENABLE_OBJC_ARC = YES;
				CLANG_ENABLE_OBJC_WEAK = YES;
				CLANG_WARN_BLOCK_CAPTURE_AUTORELEASING = YES;
				CLANG_WARN_BOOL_CONVERSION = YES;
				CLANG_WARN_COMMA = YES;
				CLANG_WARN_CONSTANT_CONVERSION = YES;
				CLANG_WARN_DEPRECATED_OBJC_IMPLEMENTATIONS = YES;
				CLANG_WARN_DIRECT_OBJC_ISA_USAGE = YES_ERROR;
				CLANG_WARN_DOCUMENTATION_COMMENTS = YES;
				CLANG_WARN_EMPTY_BODY = YES;
				CLANG_WARN_ENUM_CONVERSION = YES;
				CLANG_WARN_INFINITE_RECURSION = YES;
				CLANG_WARN_INT_CONVERSION = YES;
				CLANG_WARN_NON_LITERAL_NULL_CONVERSION = YES;
				CLANG_WARN_OBJC_IMPLICIT_RETAIN_SELF = YES;
				CLANG_WARN_OBJC_LITERAL_CONVERSION = YES;
				CLANG_WARN_OBJC_ROOT_CLASS = YES_ERROR;
				CLANG_WARN_QUOTED_INCLUDE_IN_FRAMEWORK_HEADER = YES;
				CLANG_WARN_RANGE_LOOP_ANALYSIS = YES;
				CLANG_WARN_STRICT_PROTOTYPES = YES;
				CLANG_WARN_SUSPICIOUS_MOVE = YES;
				CLANG_WARN_UNGUARDED_AVAILABILITY = YES_AGGRESSIVE;
				CLANG_WARN_UNREACHABLE_CODE = YES;
				CLANG_WARN__DUPLICATE_METHOD_MATCH = YES;
				COPY_PHASE_STRIP = NO;
				DEBUG_INFORMATION_FORMAT = dwarf;
				ENABLE_STRICT_OBJC_MSGSEND = YES;
				ENABLE_TESTABILITY = YES;
				GCC_C_LANGUAGE_STANDARD = gnu11;
				GCC_DYNAMIC_NO_PIC = NO;
				GCC_NO_COMMON_BLOCKS = YES;
				GCC_OPTIMIZATION_LEVEL = 0;
				GCC_PREPROCESSOR_DEFINITIONS = (
					"DEBUG=1",
					"$(inherited)",
				);
				GCC_WARN_64_TO_32_BIT_CONVERSION = YES;
				GCC_WARN_ABOUT_RETURN_TYPE = YES_ERROR;
				GCC_WARN_UNDECLARED_SELECTOR = YES;
				GCC_WARN_UNINITIALIZED_AUTOS = YES_AGGRESSIVE;
				GCC_WARN_UNUSED_FUNCTION = YES;
				GCC_WARN_UNUSED_VARIABLE = YES;
				IPHONEOS_DEPLOYMENT_TARGET = 14.5;
				MTL_ENABLE_DEBUG_INFO = INCLUDE_SOURCE;
				MTL_FAST_MATH = YES;
				ONLY_ACTIVE_ARCH = YES;
				SDKROOT = iphoneos;
				SWIFT_ACTIVE_COMPILATION_CONDITIONS = DEBUG;
				SWIFT_OPTIMIZATION_LEVEL = "-Onone";
			};
			name = Debug;
		};
		24E2777F2645A15E00CBFB2A /* Release */ = {
			isa = XCBuildConfiguration;
			buildSettings = {
				ALWAYS_SEARCH_USER_PATHS = NO;
				CLANG_ANALYZER_NONNULL = YES;
				CLANG_ANALYZER_NUMBER_OBJECT_CONVERSION = YES_AGGRESSIVE;
				CLANG_CXX_LANGUAGE_STANDARD = "gnu++14";
				CLANG_CXX_LIBRARY = "libc++";
				CLANG_ENABLE_MODULES = YES;
				CLANG_ENABLE_OBJC_ARC = YES;
				CLANG_ENABLE_OBJC_WEAK = YES;
				CLANG_WARN_BLOCK_CAPTURE_AUTORELEASING = YES;
				CLANG_WARN_BOOL_CONVERSION = YES;
				CLANG_WARN_COMMA = YES;
				CLANG_WARN_CONSTANT_CONVERSION = YES;
				CLANG_WARN_DEPRECATED_OBJC_IMPLEMENTATIONS = YES;
				CLANG_WARN_DIRECT_OBJC_ISA_USAGE = YES_ERROR;
				CLANG_WARN_DOCUMENTATION_COMMENTS = YES;
				CLANG_WARN_EMPTY_BODY = YES;
				CLANG_WARN_ENUM_CONVERSION = YES;
				CLANG_WARN_INFINITE_RECURSION = YES;
				CLANG_WARN_INT_CONVERSION = YES;
				CLANG_WARN_NON_LITERAL_NULL_CONVERSION = YES;
				CLANG_WARN_OBJC_IMPLICIT_RETAIN_SELF = YES;
				CLANG_WARN_OBJC_LITERAL_CONVERSION = YES;
				CLANG_WARN_OBJC_ROOT_CLASS = YES_ERROR;
				CLANG_WARN_QUOTED_INCLUDE_IN_FRAMEWORK_HEADER = YES;
				CLANG_WARN_RANGE_LOOP_ANALYSIS = YES;
				CLANG_WARN_STRICT_PROTOTYPES = YES;
				CLANG_WARN_SUSPICIOUS_MOVE = YES;
				CLANG_WARN_UNGUARDED_AVAILABILITY = YES_AGGRESSIVE;
				CLANG_WARN_UNREACHABLE_CODE = YES;
				CLANG_WARN__DUPLICATE_METHOD_MATCH = YES;
				COPY_PHASE_STRIP = NO;
				DEBUG_INFORMATION_FORMAT = "dwarf-with-dsym";
				ENABLE_NS_ASSERTIONS = NO;
				ENABLE_STRICT_OBJC_MSGSEND = YES;
				GCC_C_LANGUAGE_STANDARD = gnu11;
				GCC_NO_COMMON_BLOCKS = YES;
				GCC_WARN_64_TO_32_BIT_CONVERSION = YES;
				GCC_WARN_ABOUT_RETURN_TYPE = YES_ERROR;
				GCC_WARN_UNDECLARED_SELECTOR = YES;
				GCC_WARN_UNINITIALIZED_AUTOS = YES_AGGRESSIVE;
				GCC_WARN_UNUSED_FUNCTION = YES;
				GCC_WARN_UNUSED_VARIABLE = YES;
				IPHONEOS_DEPLOYMENT_TARGET = 14.5;
				MTL_ENABLE_DEBUG_INFO = NO;
				MTL_FAST_MATH = YES;
				SDKROOT = iphoneos;
				SWIFT_COMPILATION_MODE = wholemodule;
				SWIFT_OPTIMIZATION_LEVEL = "-O";
				VALIDATE_PRODUCT = YES;
			};
			name = Release;
		};
		24E277812645A15E00CBFB2A /* Debug */ = {
			isa = XCBuildConfiguration;
			buildSettings = {
				ASSETCATALOG_COMPILER_APPICON_NAME = AppIcon;
				ASSETCATALOG_COMPILER_GLOBAL_ACCENT_COLOR_NAME = AccentColor;
				CODE_SIGN_STYLE = Automatic;
				INFOPLIST_FILE = TableView/Info.plist;
				LD_RUNPATH_SEARCH_PATHS = (
					"$(inherited)",
					"@executable_path/Frameworks",
				);
				PRODUCT_BUNDLE_IDENTIFIER = com.minseong.TableView;
				PRODUCT_NAME = "$(TARGET_NAME)";
				SWIFT_VERSION = 5.0;
				TARGETED_DEVICE_FAMILY = "1,2";
			};
			name = Debug;
		};
		24E277822645A15E00CBFB2A /* Release */ = {
			isa = XCBuildConfiguration;
			buildSettings = {
				ASSETCATALOG_COMPILER_APPICON_NAME = AppIcon;
				ASSETCATALOG_COMPILER_GLOBAL_ACCENT_COLOR_NAME = AccentColor;
				CODE_SIGN_STYLE = Automatic;
				INFOPLIST_FILE = TableView/Info.plist;
				LD_RUNPATH_SEARCH_PATHS = (
					"$(inherited)",
					"@executable_path/Frameworks",
				);
				PRODUCT_BUNDLE_IDENTIFIER = com.minseong.TableView;
				PRODUCT_NAME = "$(TARGET_NAME)";
				SWIFT_VERSION = 5.0;
				TARGETED_DEVICE_FAMILY = "1,2";
			};
			name = Release;
		};
/* End XCBuildConfiguration section */

/* Begin XCConfigurationList section */
		24E277672645A15D00CBFB2A /* Build configuration list for PBXProject "TableView" */ = {
			isa = XCConfigurationList;
			buildConfigurations = (
				24E2777E2645A15E00CBFB2A /* Debug */,
				24E2777F2645A15E00CBFB2A /* Release */,
			);
			defaultConfigurationIsVisible = 0;
			defaultConfigurationName = Release;
		};
		24E277802645A15E00CBFB2A /* Build configuration list for PBXNativeTarget "TableView" */ = {
			isa = XCConfigurationList;
			buildConfigurations = (
				24E277812645A15E00CBFB2A /* Debug */,
				24E277822645A15E00CBFB2A /* Release */,
			);
			defaultConfigurationIsVisible = 0;
			defaultConfigurationName = Release;
		};
/* End XCConfigurationList section */
	};
	rootObject = 24E277642645A15D00CBFB2A /* Project object */;
}
