// !$*UTF8*$!
{
	archiveVersion = 1;
	classes = {
	};
	objectVersion = 50;
	objects = {

/* Begin PBXBuildFile section */
		24760257265169EF004E24D1 /* AppDelegate.swift in Sources */ = {isa = PBXBuildFile; fileRef = 24760256265169EF004E24D1 /* AppDelegate.swift */; };
		24760259265169EF004E24D1 /* SceneDelegate.swift in Sources */ = {isa = PBXBuildFile; fileRef = 24760258265169EF004E24D1 /* SceneDelegate.swift */; };
		2476025B265169EF004E24D1 /* CarouselViewController.swift in Sources */ = {isa = PBXBuildFile; fileRef = 2476025A265169EF004E24D1 /* CarouselViewController.swift */; };
		2476025E265169EF004E24D1 /* Main.storyboard in Resources */ = {isa = PBXBuildFile; fileRef = 2476025C265169EF004E24D1 /* Main.storyboard */; };
		24760260265169F0004E24D1 /* Assets.xcassets in Resources */ = {isa = PBXBuildFile; fileRef = 2476025F265169F0004E24D1 /* Assets.xcassets */; };
		24760263265169F0004E24D1 /* LaunchScreen.storyboard in Resources */ = {isa = PBXBuildFile; fileRef = 24760261265169F0004E24D1 /* LaunchScreen.storyboard */; };
		2476026E26516B49004E24D1 /* CollectionTableViewCell.swift in Sources */ = {isa = PBXBuildFile; fileRef = 2476026C26516B49004E24D1 /* CollectionTableViewCell.swift */; };
		2476026F26516B49004E24D1 /* CollectionTableViewCell.xib in Resources */ = {isa = PBXBuildFile; fileRef = 2476026D26516B49004E24D1 /* CollectionTableViewCell.xib */; };
		2476027226517C83004E24D1 /* TileCollectionViewCell.swift in Sources */ = {isa = PBXBuildFile; fileRef = 2476027026517C83004E24D1 /* TileCollectionViewCell.swift */; };
		2476027326517C83004E24D1 /* TileCollectionViewCell.xib in Resources */ = {isa = PBXBuildFile; fileRef = 2476027126517C83004E24D1 /* TileCollectionViewCell.xib */; };
		247602752652791F004E24D1 /* ViewModels.swift in Sources */ = {isa = PBXBuildFile; fileRef = 247602742652791F004E24D1 /* ViewModels.swift */; };
		24760278265279DC004E24D1 /* CollectionTableViewCellModel.swift in Sources */ = {isa = PBXBuildFile; fileRef = 24760277265279DC004E24D1 /* CollectionTableViewCellModel.swift */; };
		2476027A265279F0004E24D1 /* TileCollectionViewCellModel.swift in Sources */ = {isa = PBXBuildFile; fileRef = 24760279265279F0004E24D1 /* TileCollectionViewCellModel.swift */; };
/* End PBXBuildFile section */

/* Begin PBXFileReference section */
		24760253265169EF004E24D1 /* Carousel CollectionView.app */ = {isa = PBXFileReference; explicitFileType = wrapper.application; includeInIndex = 0; path = "Carousel CollectionView.app"; sourceTree = BUILT_PRODUCTS_DIR; };
		24760256265169EF004E24D1 /* AppDelegate.swift */ = {isa = PBXFileReference; lastKnownFileType = sourcecode.swift; path = AppDelegate.swift; sourceTree = "<group>"; };
		24760258265169EF004E24D1 /* SceneDelegate.swift */ = {isa = PBXFileReference; lastKnownFileType = sourcecode.swift; path = SceneDelegate.swift; sourceTree = "<group>"; };
		2476025A265169EF004E24D1 /* CarouselViewController.swift */ = {isa = PBXFileReference; lastKnownFileType = sourcecode.swift; path = CarouselViewController.swift; sourceTree = "<group>"; };
		2476025D265169EF004E24D1 /* Base */ = {isa = PBXFileReference; lastKnownFileType = file.storyboard; name = Base; path = Base.lproj/Main.storyboard; sourceTree = "<group>"; };
		2476025F265169F0004E24D1 /* Assets.xcassets */ = {isa = PBXFileReference; lastKnownFileType = folder.assetcatalog; path = Assets.xcassets; sourceTree = "<group>"; };
		24760262265169F0004E24D1 /* Base */ = {isa = PBXFileReference; lastKnownFileType = file.storyboard; name = Base; path = Base.lproj/LaunchScreen.storyboard; sourceTree = "<group>"; };
		24760264265169F0004E24D1 /* Info.plist */ = {isa = PBXFileReference; lastKnownFileType = text.plist.xml; path = Info.plist; sourceTree = "<group>"; };
		2476026C26516B49004E24D1 /* CollectionTableViewCell.swift */ = {isa = PBXFileReference; lastKnownFileType = sourcecode.swift; path = CollectionTableViewCell.swift; sourceTree = "<group>"; };
		2476026D26516B49004E24D1 /* CollectionTableViewCell.xib */ = {isa = PBXFileReference; lastKnownFileType = file.xib; path = CollectionTableViewCell.xib; sourceTree = "<group>"; };
		2476027026517C83004E24D1 /* TileCollectionViewCell.swift */ = {isa = PBXFileReference; lastKnownFileType = sourcecode.swift; path = TileCollectionViewCell.swift; sourceTree = "<group>"; };
		2476027126517C83004E24D1 /* TileCollectionViewCell.xib */ = {isa = PBXFileReference; lastKnownFileType = file.xib; path = TileCollectionViewCell.xib; sourceTree = "<group>"; };
		247602742652791F004E24D1 /* ViewModels.swift */ = {isa = PBXFileReference; lastKnownFileType = sourcecode.swift; path = ViewModels.swift; sourceTree = "<group>"; };
		24760277265279DC004E24D1 /* CollectionTableViewCellModel.swift */ = {isa = PBXFileReference; lastKnownFileType = sourcecode.swift; path = CollectionTableViewCellModel.swift; sourceTree = "<group>"; };
		24760279265279F0004E24D1 /* TileCollectionViewCellModel.swift */ = {isa = PBXFileReference; lastKnownFileType = sourcecode.swift; path = TileCollectionViewCellModel.swift; sourceTree = "<group>"; };
/* End PBXFileReference section */

/* Begin PBXFrameworksBuildPhase section */
		24760250265169EF004E24D1 /* Frameworks */ = {
			isa = PBXFrameworksBuildPhase;
			buildActionMask = 2147483647;
			files = (
			);
			runOnlyForDeploymentPostprocessing = 0;
		};
/* End PBXFrameworksBuildPhase section */

/* Begin PBXGroup section */
		2476024A265169EF004E24D1 = {
			isa = PBXGroup;
			children = (
				24760255265169EF004E24D1 /* Carousel CollectionView */,
				24760254265169EF004E24D1 /* Products */,
			);
			sourceTree = "<group>";
		};
		24760254265169EF004E24D1 /* Products */ = {
			isa = PBXGroup;
			children = (
				24760253265169EF004E24D1 /* Carousel CollectionView.app */,
			);
			name = Products;
			sourceTree = "<group>";
		};
		24760255265169EF004E24D1 /* Carousel CollectionView */ = {
			isa = PBXGroup;
			children = (
				24760256265169EF004E24D1 /* AppDelegate.swift */,
				24760258265169EF004E24D1 /* SceneDelegate.swift */,
				2476027626527923004E24D1 /* Model */,
				2476026A26516AA9004E24D1 /* Controller */,
				2476026B26516AAF004E24D1 /* View */,
				2476025F265169F0004E24D1 /* Assets.xcassets */,
				24760261265169F0004E24D1 /* LaunchScreen.storyboard */,
				24760264265169F0004E24D1 /* Info.plist */,
			);
			path = "Carousel CollectionView";
			sourceTree = "<group>";
		};
		2476026A26516AA9004E24D1 /* Controller */ = {
			isa = PBXGroup;
			children = (
				2476025A265169EF004E24D1 /* CarouselViewController.swift */,
				2476026C26516B49004E24D1 /* CollectionTableViewCell.swift */,
				2476027026517C83004E24D1 /* TileCollectionViewCell.swift */,
			);
			path = Controller;
			sourceTree = "<group>";
		};
		2476026B26516AAF004E24D1 /* View */ = {
			isa = PBXGroup;
			children = (
				2476025C265169EF004E24D1 /* Main.storyboard */,
				2476026D26516B49004E24D1 /* CollectionTableViewCell.xib */,
				2476027126517C83004E24D1 /* TileCollectionViewCell.xib */,
			);
			path = View;
			sourceTree = "<group>";
		};
		2476027626527923004E24D1 /* Model */ = {
			isa = PBXGroup;
			children = (
				247602742652791F004E24D1 /* ViewModels.swift */,
				24760277265279DC004E24D1 /* CollectionTableViewCellModel.swift */,
				24760279265279F0004E24D1 /* TileCollectionViewCellModel.swift */,
			);
			path = Model;
			sourceTree = "<group>";
		};
/* End PBXGroup section */

/* Begin PBXNativeTarget section */
		24760252265169EF004E24D1 /* Carousel CollectionView */ = {
			isa = PBXNativeTarget;
			buildConfigurationList = 24760267265169F0004E24D1 /* Build configuration list for PBXNativeTarget "Carousel CollectionView" */;
			buildPhases = (
				2476024F265169EF004E24D1 /* Sources */,
				24760250265169EF004E24D1 /* Frameworks */,
				24760251265169EF004E24D1 /* Resources */,
				2476027B26528351004E24D1 /* ShellScript */,
			);
			buildRules = (
			);
			dependencies = (
			);
			name = "Carousel CollectionView";
			productName = "Carousel CollectionView";
			productReference = 24760253265169EF004E24D1 /* Carousel CollectionView.app */;
			productType = "com.apple.product-type.application";
		};
/* End PBXNativeTarget section */

/* Begin PBXProject section */
		2476024B265169EF004E24D1 /* Project object */ = {
			isa = PBXProject;
			attributes = {
				LastSwiftUpdateCheck = 1250;
				LastUpgradeCheck = 1250;
				TargetAttributes = {
					24760252265169EF004E24D1 = {
						CreatedOnToolsVersion = 12.5;
					};
				};
			};
			buildConfigurationList = 2476024E265169EF004E24D1 /* Build configuration list for PBXProject "Carousel CollectionView" */;
			compatibilityVersion = "Xcode 9.3";
			developmentRegion = en;
			hasScannedForEncodings = 0;
			knownRegions = (
				en,
				Base,
			);
			mainGroup = 2476024A265169EF004E24D1;
			productRefGroup = 24760254265169EF004E24D1 /* Products */;
			projectDirPath = "";
			projectRoot = "";
			targets = (
				24760252265169EF004E24D1 /* Carousel CollectionView */,
			);
		};
/* End PBXProject section */

/* Begin PBXResourcesBuildPhase section */
		24760251265169EF004E24D1 /* Resources */ = {
			isa = PBXResourcesBuildPhase;
			buildActionMask = 2147483647;
			files = (
				24760263265169F0004E24D1 /* LaunchScreen.storyboard in Resources */,
				24760260265169F0004E24D1 /* Assets.xcassets in Resources */,
				2476025E265169EF004E24D1 /* Main.storyboard in Resources */,
				2476027326517C83004E24D1 /* TileCollectionViewCell.xib in Resources */,
				2476026F26516B49004E24D1 /* CollectionTableViewCell.xib in Resources */,
			);
			runOnlyForDeploymentPostprocessing = 0;
		};
/* End PBXResourcesBuildPhase section */

/* Begin PBXShellScriptBuildPhase section */
		2476027B26528351004E24D1 /* ShellScript */ = {
			isa = PBXShellScriptBuildPhase;
			buildActionMask = 2147483647;
			files = (
			);
			inputFileListPaths = (
			);
			inputPaths = (
			);
			outputFileListPaths = (
			);
			outputPaths = (
			);
			runOnlyForDeploymentPostprocessing = 0;
			shellPath = /bin/sh;
			shellScript = "if which swiftlint >/dev/null; then\n  swiftlint\nelse\n  echo \"error: SwiftLint not installed, download from https://github.com/realm/SwiftLint\"\n  exit 1\n  fi\n\n";
		};
/* End PBXShellScriptBuildPhase section */

/* Begin PBXSourcesBuildPhase section */
		2476024F265169EF004E24D1 /* Sources */ = {
			isa = PBXSourcesBuildPhase;
			buildActionMask = 2147483647;
			files = (
				2476025B265169EF004E24D1 /* CarouselViewController.swift in Sources */,
				2476027226517C83004E24D1 /* TileCollectionViewCell.swift in Sources */,
				24760257265169EF004E24D1 /* AppDelegate.swift in Sources */,
				24760278265279DC004E24D1 /* CollectionTableViewCellModel.swift in Sources */,
				24760259265169EF004E24D1 /* SceneDelegate.swift in Sources */,
				247602752652791F004E24D1 /* ViewModels.swift in Sources */,
				2476027A265279F0004E24D1 /* TileCollectionViewCellModel.swift in Sources */,
				2476026E26516B49004E24D1 /* CollectionTableViewCell.swift in Sources */,
			);
			runOnlyForDeploymentPostprocessing = 0;
		};
/* End PBXSourcesBuildPhase section */

/* Begin PBXVariantGroup section */
		2476025C265169EF004E24D1 /* Main.storyboard */ = {
			isa = PBXVariantGroup;
			children = (
				2476025D265169EF004E24D1 /* Base */,
			);
			name = Main.storyboard;
			sourceTree = "<group>";
		};
		24760261265169F0004E24D1 /* LaunchScreen.storyboard */ = {
			isa = PBXVariantGroup;
			children = (
				24760262265169F0004E24D1 /* Base */,
			);
			name = LaunchScreen.storyboard;
			sourceTree = "<group>";
		};
/* End PBXVariantGroup section */

/* Begin XCBuildConfiguration section */
		24760265265169F0004E24D1 /* Debug */ = {
			isa = XCBuildConfiguration;
			buildSettings = {
				ALWAYS_SEARCH_USER_PATHS = NO;
				CLANG_ANALYZER_NONNULL = YES;
				CLANG_ANALYZER_NUMBER_OBJECT_CONVERSION = YES_AGGRESSIVE;
				CLANG_CXX_LANGUAGE_STANDARD = "gnu++14";
				CLANG_CXX_LIBRARY = "libc++";
				CLANG_ENABLE_MODULES = YES;
				CLANG_ENABLE_OBJC_ARC = YES;
				CLANG_ENABLE_OBJC_WEAK = YES;
				CLANG_WARN_BLOCK_CAPTURE_AUTORELEASING = YES;
				CLANG_WARN_BOOL_CONVERSION = YES;
				CLANG_WARN_COMMA = YES;
				CLANG_WARN_CONSTANT_CONVERSION = YES;
				CLANG_WARN_DEPRECATED_OBJC_IMPLEMENTATIONS = YES;
				CLANG_WARN_DIRECT_OBJC_ISA_USAGE = YES_ERROR;
				CLANG_WARN_DOCUMENTATION_COMMENTS = YES;
				CLANG_WARN_EMPTY_BODY = YES;
				CLANG_WARN_ENUM_CONVERSION = YES;
				CLANG_WARN_INFINITE_RECURSION = YES;
				CLANG_WARN_INT_CONVERSION = YES;
				CLANG_WARN_NON_LITERAL_NULL_CONVERSION = YES;
				CLANG_WARN_OBJC_IMPLICIT_RETAIN_SELF = YES;
				CLANG_WARN_OBJC_LITERAL_CONVERSION = YES;
				CLANG_WARN_OBJC_ROOT_CLASS = YES_ERROR;
				CLANG_WARN_QUOTED_INCLUDE_IN_FRAMEWORK_HEADER = YES;
				CLANG_WARN_RANGE_LOOP_ANALYSIS = YES;
				CLANG_WARN_STRICT_PROTOTYPES = YES;
				CLANG_WARN_SUSPICIOUS_MOVE = YES;
				CLANG_WARN_UNGUARDED_AVAILABILITY = YES_AGGRESSIVE;
				CLANG_WARN_UNREACHABLE_CODE = YES;
				CLANG_WARN__DUPLICATE_METHOD_MATCH = YES;
				COPY_PHASE_STRIP = NO;
				DEBUG_INFORMATION_FORMAT = dwarf;
				ENABLE_STRICT_OBJC_MSGSEND = YES;
				ENABLE_TESTABILITY = YES;
				GCC_C_LANGUAGE_STANDARD = gnu11;
				GCC_DYNAMIC_NO_PIC = NO;
				GCC_NO_COMMON_BLOCKS = YES;
				GCC_OPTIMIZATION_LEVEL = 0;
				GCC_PREPROCESSOR_DEFINITIONS = (
					"DEBUG=1",
					"$(inherited)",
				);
				GCC_WARN_64_TO_32_BIT_CONVERSION = YES;
				GCC_WARN_ABOUT_RETURN_TYPE = YES_ERROR;
				GCC_WARN_UNDECLARED_SELECTOR = YES;
				GCC_WARN_UNINITIALIZED_AUTOS = YES_AGGRESSIVE;
				GCC_WARN_UNUSED_FUNCTION = YES;
				GCC_WARN_UNUSED_VARIABLE = YES;
				IPHONEOS_DEPLOYMENT_TARGET = 14.5;
				MTL_ENABLE_DEBUG_INFO = INCLUDE_SOURCE;
				MTL_FAST_MATH = YES;
				ONLY_ACTIVE_ARCH = YES;
				SDKROOT = iphoneos;
				SWIFT_ACTIVE_COMPILATION_CONDITIONS = DEBUG;
				SWIFT_OPTIMIZATION_LEVEL = "-Onone";
			};
			name = Debug;
		};
		24760266265169F0004E24D1 /* Release */ = {
			isa = XCBuildConfiguration;
			buildSettings = {
				ALWAYS_SEARCH_USER_PATHS = NO;
				CLANG_ANALYZER_NONNULL = YES;
				CLANG_ANALYZER_NUMBER_OBJECT_CONVERSION = YES_AGGRESSIVE;
				CLANG_CXX_LANGUAGE_STANDARD = "gnu++14";
				CLANG_CXX_LIBRARY = "libc++";
				CLANG_ENABLE_MODULES = YES;
				CLANG_ENABLE_OBJC_ARC = YES;
				CLANG_ENABLE_OBJC_WEAK = YES;
				CLANG_WARN_BLOCK_CAPTURE_AUTORELEASING = YES;
				CLANG_WARN_BOOL_CONVERSION = YES;
				CLANG_WARN_COMMA = YES;
				CLANG_WARN_CONSTANT_CONVERSION = YES;
				CLANG_WARN_DEPRECATED_OBJC_IMPLEMENTATIONS = YES;
				CLANG_WARN_DIRECT_OBJC_ISA_USAGE = YES_ERROR;
				CLANG_WARN_DOCUMENTATION_COMMENTS = YES;
				CLANG_WARN_EMPTY_BODY = YES;
				CLANG_WARN_ENUM_CONVERSION = YES;
				CLANG_WARN_INFINITE_RECURSION = YES;
				CLANG_WARN_INT_CONVERSION = YES;
				CLANG_WARN_NON_LITERAL_NULL_CONVERSION = YES;
				CLANG_WARN_OBJC_IMPLICIT_RETAIN_SELF = YES;
				CLANG_WARN_OBJC_LITERAL_CONVERSION = YES;
				CLANG_WARN_OBJC_ROOT_CLASS = YES_ERROR;
				CLANG_WARN_QUOTED_INCLUDE_IN_FRAMEWORK_HEADER = YES;
				CLANG_WARN_RANGE_LOOP_ANALYSIS = YES;
				CLANG_WARN_STRICT_PROTOTYPES = YES;
				CLANG_WARN_SUSPICIOUS_MOVE = YES;
				CLANG_WARN_UNGUARDED_AVAILABILITY = YES_AGGRESSIVE;
				CLANG_WARN_UNREACHABLE_CODE = YES;
				CLANG_WARN__DUPLICATE_METHOD_MATCH = YES;
				COPY_PHASE_STRIP = NO;
				DEBUG_INFORMATION_FORMAT = "dwarf-with-dsym";
				ENABLE_NS_ASSERTIONS = NO;
				ENABLE_STRICT_OBJC_MSGSEND = YES;
				GCC_C_LANGUAGE_STANDARD = gnu11;
				GCC_NO_COMMON_BLOCKS = YES;
				GCC_WARN_64_TO_32_BIT_CONVERSION = YES;
				GCC_WARN_ABOUT_RETURN_TYPE = YES_ERROR;
				GCC_WARN_UNDECLARED_SELECTOR = YES;
				GCC_WARN_UNINITIALIZED_AUTOS = YES_AGGRESSIVE;
				GCC_WARN_UNUSED_FUNCTION = YES;
				GCC_WARN_UNUSED_VARIABLE = YES;
				IPHONEOS_DEPLOYMENT_TARGET = 14.5;
				MTL_ENABLE_DEBUG_INFO = NO;
				MTL_FAST_MATH = YES;
				SDKROOT = iphoneos;
				SWIFT_COMPILATION_MODE = wholemodule;
				SWIFT_OPTIMIZATION_LEVEL = "-O";
				VALIDATE_PRODUCT = YES;
			};
			name = Release;
		};
		24760268265169F0004E24D1 /* Debug */ = {
			isa = XCBuildConfiguration;
			buildSettings = {
				ASSETCATALOG_COMPILER_APPICON_NAME = AppIcon;
				ASSETCATALOG_COMPILER_GLOBAL_ACCENT_COLOR_NAME = AccentColor;
				CODE_SIGN_STYLE = Automatic;
				INFOPLIST_FILE = "Carousel CollectionView/Info.plist";
				LD_RUNPATH_SEARCH_PATHS = (
					"$(inherited)",
					"@executable_path/Frameworks",
				);
				PRODUCT_BUNDLE_IDENTIFIER = "com.minseong.Carousel-CollectionView";
				PRODUCT_NAME = "$(TARGET_NAME)";
				SWIFT_VERSION = 5.0;
				TARGETED_DEVICE_FAMILY = "1,2";
			};
			name = Debug;
		};
		24760269265169F0004E24D1 /* Release */ = {
			isa = XCBuildConfiguration;
			buildSettings = {
				ASSETCATALOG_COMPILER_APPICON_NAME = AppIcon;
				ASSETCATALOG_COMPILER_GLOBAL_ACCENT_COLOR_NAME = AccentColor;
				CODE_SIGN_STYLE = Automatic;
				INFOPLIST_FILE = "Carousel CollectionView/Info.plist";
				LD_RUNPATH_SEARCH_PATHS = (
					"$(inherited)",
					"@executable_path/Frameworks",
				);
				PRODUCT_BUNDLE_IDENTIFIER = "com.minseong.Carousel-CollectionView";
				PRODUCT_NAME = "$(TARGET_NAME)";
				SWIFT_VERSION = 5.0;
				TARGETED_DEVICE_FAMILY = "1,2";
			};
			name = Release;
		};
/* End XCBuildConfiguration section */

/* Begin XCConfigurationList section */
		2476024E265169EF004E24D1 /* Build configuration list for PBXProject "Carousel CollectionView" */ = {
			isa = XCConfigurationList;
			buildConfigurations = (
				24760265265169F0004E24D1 /* Debug */,
				24760266265169F0004E24D1 /* Release */,
			);
			defaultConfigurationIsVisible = 0;
			defaultConfigurationName = Release;
		};
		24760267265169F0004E24D1 /* Build configuration list for PBXNativeTarget "Carousel CollectionView" */ = {
			isa = XCConfigurationList;
			buildConfigurations = (
				24760268265169F0004E24D1 /* Debug */,
				24760269265169F0004E24D1 /* Release */,
			);
			defaultConfigurationIsVisible = 0;
			defaultConfigurationName = Release;
		};
/* End XCConfigurationList section */
	};
	rootObject = 2476024B265169EF004E24D1 /* Project object */;
}
