// !$*UTF8*$!
{
	archiveVersion = 1;
	classes = {
	};
	objectVersion = 50;
	objects = {

/* Begin PBXBuildFile section */
		24E277AB2649327B00CBFB2A /* AppDelegate.swift in Sources */ = {isa = PBXBuildFile; fileRef = 24E277AA2649327B00CBFB2A /* AppDelegate.swift */; };
		24E277AD2649327B00CBFB2A /* SceneDelegate.swift in Sources */ = {isa = PBXBuildFile; fileRef = 24E277AC2649327B00CBFB2A /* SceneDelegate.swift */; };
		24E277AF2649327B00CBFB2A /* ViewController.swift in Sources */ = {isa = PBXBuildFile; fileRef = 24E277AE2649327B00CBFB2A /* ViewController.swift */; };
		24E277B22649327B00CBFB2A /* Main.storyboard in Resources */ = {isa = PBXBuildFile; fileRef = 24E277B02649327B00CBFB2A /* Main.storyboard */; };
		24E277B42649327B00CBFB2A /* Assets.xcassets in Resources */ = {isa = PBXBuildFile; fileRef = 24E277B32649327B00CBFB2A /* Assets.xcassets */; };
		24E277B72649327B00CBFB2A /* LaunchScreen.storyboard in Resources */ = {isa = PBXBuildFile; fileRef = 24E277B52649327B00CBFB2A /* LaunchScreen.storyboard */; };
		24E277C1264932DF00CBFB2A /* Data.swift in Sources */ = {isa = PBXBuildFile; fileRef = 24E277C0264932DF00CBFB2A /* Data.swift */; };
		24E277C5264934E600CBFB2A /* SettingTableViewCell.swift in Sources */ = {isa = PBXBuildFile; fileRef = 24E277C3264934E600CBFB2A /* SettingTableViewCell.swift */; };
		24E277C6264934E600CBFB2A /* SettingTableViewCell.xib in Resources */ = {isa = PBXBuildFile; fileRef = 24E277C4264934E600CBFB2A /* SettingTableViewCell.xib */; };
		24E277C8264949DB00CBFB2A /* SettingData.swift in Sources */ = {isa = PBXBuildFile; fileRef = 24E277C7264949DB00CBFB2A /* SettingData.swift */; };
		24E277CF2649621400CBFB2A /* SwitchTableViewCell.swift in Sources */ = {isa = PBXBuildFile; fileRef = 24E277CD2649621400CBFB2A /* SwitchTableViewCell.swift */; };
		24E277D02649621400CBFB2A /* SwitchTableViewCell.xib in Resources */ = {isa = PBXBuildFile; fileRef = 24E277CE2649621400CBFB2A /* SwitchTableViewCell.xib */; };
		24E277D3264983C000CBFB2A /* FilterTableViewCell.swift in Sources */ = {isa = PBXBuildFile; fileRef = 24E277D1264983C000CBFB2A /* FilterTableViewCell.swift */; };
		24E277D4264983C000CBFB2A /* FilterTableViewCell.xib in Resources */ = {isa = PBXBuildFile; fileRef = 24E277D2264983C000CBFB2A /* FilterTableViewCell.xib */; };
/* End PBXBuildFile section */

/* Begin PBXFileReference section */
		24E277A72649327B00CBFB2A /* SettingTableView.app */ = {isa = PBXFileReference; explicitFileType = wrapper.application; includeInIndex = 0; path = SettingTableView.app; sourceTree = BUILT_PRODUCTS_DIR; };
		24E277AA2649327B00CBFB2A /* AppDelegate.swift */ = {isa = PBXFileReference; lastKnownFileType = sourcecode.swift; path = AppDelegate.swift; sourceTree = "<group>"; };
		24E277AC2649327B00CBFB2A /* SceneDelegate.swift */ = {isa = PBXFileReference; lastKnownFileType = sourcecode.swift; path = SceneDelegate.swift; sourceTree = "<group>"; };
		24E277AE2649327B00CBFB2A /* ViewController.swift */ = {isa = PBXFileReference; lastKnownFileType = sourcecode.swift; path = ViewController.swift; sourceTree = "<group>"; };
		24E277B12649327B00CBFB2A /* Base */ = {isa = PBXFileReference; lastKnownFileType = file.storyboard; name = Base; path = Base.lproj/Main.storyboard; sourceTree = "<group>"; };
		24E277B32649327B00CBFB2A /* Assets.xcassets */ = {isa = PBXFileReference; lastKnownFileType = folder.assetcatalog; path = Assets.xcassets; sourceTree = "<group>"; };
		24E277B62649327B00CBFB2A /* Base */ = {isa = PBXFileReference; lastKnownFileType = file.storyboard; name = Base; path = Base.lproj/LaunchScreen.storyboard; sourceTree = "<group>"; };
		24E277B82649327B00CBFB2A /* Info.plist */ = {isa = PBXFileReference; lastKnownFileType = text.plist.xml; path = Info.plist; sourceTree = "<group>"; };
		24E277C0264932DF00CBFB2A /* Data.swift */ = {isa = PBXFileReference; lastKnownFileType = sourcecode.swift; path = Data.swift; sourceTree = "<group>"; };
		24E277C3264934E600CBFB2A /* SettingTableViewCell.swift */ = {isa = PBXFileReference; lastKnownFileType = sourcecode.swift; path = SettingTableViewCell.swift; sourceTree = "<group>"; };
		24E277C4264934E600CBFB2A /* SettingTableViewCell.xib */ = {isa = PBXFileReference; lastKnownFileType = file.xib; path = SettingTableViewCell.xib; sourceTree = "<group>"; };
		24E277C7264949DB00CBFB2A /* SettingData.swift */ = {isa = PBXFileReference; lastKnownFileType = sourcecode.swift; path = SettingData.swift; sourceTree = "<group>"; };
		24E277CD2649621400CBFB2A /* SwitchTableViewCell.swift */ = {isa = PBXFileReference; lastKnownFileType = sourcecode.swift; path = SwitchTableViewCell.swift; sourceTree = "<group>"; };
		24E277CE2649621400CBFB2A /* SwitchTableViewCell.xib */ = {isa = PBXFileReference; lastKnownFileType = file.xib; path = SwitchTableViewCell.xib; sourceTree = "<group>"; };
		24E277D1264983C000CBFB2A /* FilterTableViewCell.swift */ = {isa = PBXFileReference; lastKnownFileType = sourcecode.swift; path = FilterTableViewCell.swift; sourceTree = "<group>"; };
		24E277D2264983C000CBFB2A /* FilterTableViewCell.xib */ = {isa = PBXFileReference; lastKnownFileType = file.xib; path = FilterTableViewCell.xib; sourceTree = "<group>"; };
/* End PBXFileReference section */

/* Begin PBXFrameworksBuildPhase section */
		24E277A42649327B00CBFB2A /* Frameworks */ = {
			isa = PBXFrameworksBuildPhase;
			buildActionMask = 2147483647;
			files = (
			);
			runOnlyForDeploymentPostprocessing = 0;
		};
/* End PBXFrameworksBuildPhase section */

/* Begin PBXGroup section */
		24E2779E2649327B00CBFB2A = {
			isa = PBXGroup;
			children = (
				24E277A92649327B00CBFB2A /* SettingTableView */,
				24E277A82649327B00CBFB2A /* Products */,
			);
			sourceTree = "<group>";
		};
		24E277A82649327B00CBFB2A /* Products */ = {
			isa = PBXGroup;
			children = (
				24E277A72649327B00CBFB2A /* SettingTableView.app */,
			);
			name = Products;
			sourceTree = "<group>";
		};
		24E277A92649327B00CBFB2A /* SettingTableView */ = {
			isa = PBXGroup;
			children = (
				24E277AA2649327B00CBFB2A /* AppDelegate.swift */,
				24E277AC2649327B00CBFB2A /* SceneDelegate.swift */,
				24E277C2264932E300CBFB2A /* Model */,
				24E277BF264932D300CBFB2A /* Controller */,
				24E277BE264932CE00CBFB2A /* View */,
				24E277B32649327B00CBFB2A /* Assets.xcassets */,
				24E277B52649327B00CBFB2A /* LaunchScreen.storyboard */,
				24E277B82649327B00CBFB2A /* Info.plist */,
			);
			path = SettingTableView;
			sourceTree = "<group>";
		};
		24E277BE264932CE00CBFB2A /* View */ = {
			isa = PBXGroup;
			children = (
				24E277B02649327B00CBFB2A /* Main.storyboard */,
				24E277CE2649621400CBFB2A /* SwitchTableViewCell.xib */,
				24E277C4264934E600CBFB2A /* SettingTableViewCell.xib */,
				24E277D2264983C000CBFB2A /* FilterTableViewCell.xib */,
			);
			path = View;
			sourceTree = "<group>";
		};
		24E277BF264932D300CBFB2A /* Controller */ = {
			isa = PBXGroup;
			children = (
				24E277AE2649327B00CBFB2A /* ViewController.swift */,
				24E277C3264934E600CBFB2A /* SettingTableViewCell.swift */,
				24E277CD2649621400CBFB2A /* SwitchTableViewCell.swift */,
				24E277D1264983C000CBFB2A /* FilterTableViewCell.swift */,
			);
			path = Controller;
			sourceTree = "<group>";
		};
		24E277C2264932E300CBFB2A /* Model */ = {
			isa = PBXGroup;
			children = (
				24E277C0264932DF00CBFB2A /* Data.swift */,
				24E277C7264949DB00CBFB2A /* SettingData.swift */,
			);
			path = Model;
			sourceTree = "<group>";
		};
/* End PBXGroup section */

/* Begin PBXNativeTarget section */
		24E277A62649327B00CBFB2A /* SettingTableView */ = {
			isa = PBXNativeTarget;
			buildConfigurationList = 24E277BB2649327B00CBFB2A /* Build configuration list for PBXNativeTarget "SettingTableView" */;
			buildPhases = (
				24E277A32649327B00CBFB2A /* Sources */,
				24E277A42649327B00CBFB2A /* Frameworks */,
				24E277A52649327B00CBFB2A /* Resources */,
			);
			buildRules = (
			);
			dependencies = (
			);
			name = SettingTableView;
			productName = SettingTableView;
			productReference = 24E277A72649327B00CBFB2A /* SettingTableView.app */;
			productType = "com.apple.product-type.application";
		};
/* End PBXNativeTarget section */

/* Begin PBXProject section */
		24E2779F2649327B00CBFB2A /* Project object */ = {
			isa = PBXProject;
			attributes = {
				LastSwiftUpdateCheck = 1250;
				LastUpgradeCheck = 1250;
				TargetAttributes = {
					24E277A62649327B00CBFB2A = {
						CreatedOnToolsVersion = 12.5;
					};
				};
			};
			buildConfigurationList = 24E277A22649327B00CBFB2A /* Build configuration list for PBXProject "SettingTableView" */;
			compatibilityVersion = "Xcode 9.3";
			developmentRegion = en;
			hasScannedForEncodings = 0;
			knownRegions = (
				en,
				Base,
			);
			mainGroup = 24E2779E2649327B00CBFB2A;
			productRefGroup = 24E277A82649327B00CBFB2A /* Products */;
			projectDirPath = "";
			projectRoot = "";
			targets = (
				24E277A62649327B00CBFB2A /* SettingTableView */,
			);
		};
/* End PBXProject section */

/* Begin PBXResourcesBuildPhase section */
		24E277A52649327B00CBFB2A /* Resources */ = {
			isa = PBXResourcesBuildPhase;
			buildActionMask = 2147483647;
			files = (
				24E277B72649327B00CBFB2A /* LaunchScreen.storyboard in Resources */,
				24E277D4264983C000CBFB2A /* FilterTableViewCell.xib in Resources */,
				24E277D02649621400CBFB2A /* SwitchTableViewCell.xib in Resources */,
				24E277B42649327B00CBFB2A /* Assets.xcassets in Resources */,
				24E277C6264934E600CBFB2A /* SettingTableViewCell.xib in Resources */,
				24E277B22649327B00CBFB2A /* Main.storyboard in Resources */,
			);
			runOnlyForDeploymentPostprocessing = 0;
		};
/* End PBXResourcesBuildPhase section */

/* Begin PBXSourcesBuildPhase section */
		24E277A32649327B00CBFB2A /* Sources */ = {
			isa = PBXSourcesBuildPhase;
			buildActionMask = 2147483647;
			files = (
				24E277AF2649327B00CBFB2A /* ViewController.swift in Sources */,
				24E277C5264934E600CBFB2A /* SettingTableViewCell.swift in Sources */,
				24E277CF2649621400CBFB2A /* SwitchTableViewCell.swift in Sources */,
				24E277AB2649327B00CBFB2A /* AppDelegate.swift in Sources */,
				24E277AD2649327B00CBFB2A /* SceneDelegate.swift in Sources */,
				24E277D3264983C000CBFB2A /* FilterTableViewCell.swift in Sources */,
				24E277C8264949DB00CBFB2A /* SettingData.swift in Sources */,
				24E277C1264932DF00CBFB2A /* Data.swift in Sources */,
			);
			runOnlyForDeploymentPostprocessing = 0;
		};
/* End PBXSourcesBuildPhase section */

/* Begin PBXVariantGroup section */
		24E277B02649327B00CBFB2A /* Main.storyboard */ = {
			isa = PBXVariantGroup;
			children = (
				24E277B12649327B00CBFB2A /* Base */,
			);
			name = Main.storyboard;
			sourceTree = "<group>";
		};
		24E277B52649327B00CBFB2A /* LaunchScreen.storyboard */ = {
			isa = PBXVariantGroup;
			children = (
				24E277B62649327B00CBFB2A /* Base */,
			);
			name = LaunchScreen.storyboard;
			sourceTree = "<group>";
		};
/* End PBXVariantGroup section */

/* Begin XCBuildConfiguration section */
		24E277B92649327B00CBFB2A /* Debug */ = {
			isa = XCBuildConfiguration;
			buildSettings = {
				ALWAYS_SEARCH_USER_PATHS = NO;
				CLANG_ANALYZER_NONNULL = YES;
				CLANG_ANALYZER_NUMBER_OBJECT_CONVERSION = YES_AGGRESSIVE;
				CLANG_CXX_LANGUAGE_STANDARD = "gnu++14";
				CLANG_CXX_LIBRARY = "libc++";
				CLANG_ENABLE_MODULES = YES;
				CLANG_ENABLE_OBJC_ARC = YES;
				CLANG_ENABLE_OBJC_WEAK = YES;
				CLANG_WARN_BLOCK_CAPTURE_AUTORELEASING = YES;
				CLANG_WARN_BOOL_CONVERSION = YES;
				CLANG_WARN_COMMA = YES;
				CLANG_WARN_CONSTANT_CONVERSION = YES;
				CLANG_WARN_DEPRECATED_OBJC_IMPLEMENTATIONS = YES;
				CLANG_WARN_DIRECT_OBJC_ISA_USAGE = YES_ERROR;
				CLANG_WARN_DOCUMENTATION_COMMENTS = YES;
				CLANG_WARN_EMPTY_BODY = YES;
				CLANG_WARN_ENUM_CONVERSION = YES;
				CLANG_WARN_INFINITE_RECURSION = YES;
				CLANG_WARN_INT_CONVERSION = YES;
				CLANG_WARN_NON_LITERAL_NULL_CONVERSION = YES;
				CLANG_WARN_OBJC_IMPLICIT_RETAIN_SELF = YES;
				CLANG_WARN_OBJC_LITERAL_CONVERSION = YES;
				CLANG_WARN_OBJC_ROOT_CLASS = YES_ERROR;
				CLANG_WARN_QUOTED_INCLUDE_IN_FRAMEWORK_HEADER = YES;
				CLANG_WARN_RANGE_LOOP_ANALYSIS = YES;
				CLANG_WARN_STRICT_PROTOTYPES = YES;
				CLANG_WARN_SUSPICIOUS_MOVE = YES;
				CLANG_WARN_UNGUARDED_AVAILABILITY = YES_AGGRESSIVE;
				CLANG_WARN_UNREACHABLE_CODE = YES;
				CLANG_WARN__DUPLICATE_METHOD_MATCH = YES;
				COPY_PHASE_STRIP = NO;
				DEBUG_INFORMATION_FORMAT = dwarf;
				ENABLE_STRICT_OBJC_MSGSEND = YES;
				ENABLE_TESTABILITY = YES;
				GCC_C_LANGUAGE_STANDARD = gnu11;
				GCC_DYNAMIC_NO_PIC = NO;
				GCC_NO_COMMON_BLOCKS = YES;
				GCC_OPTIMIZATION_LEVEL = 0;
				GCC_PREPROCESSOR_DEFINITIONS = (
					"DEBUG=1",
					"$(inherited)",
				);
				GCC_WARN_64_TO_32_BIT_CONVERSION = YES;
				GCC_WARN_ABOUT_RETURN_TYPE = YES_ERROR;
				GCC_WARN_UNDECLARED_SELECTOR = YES;
				GCC_WARN_UNINITIALIZED_AUTOS = YES_AGGRESSIVE;
				GCC_WARN_UNUSED_FUNCTION = YES;
				GCC_WARN_UNUSED_VARIABLE = YES;
				IPHONEOS_DEPLOYMENT_TARGET = 14.5;
				MTL_ENABLE_DEBUG_INFO = INCLUDE_SOURCE;
				MTL_FAST_MATH = YES;
				ONLY_ACTIVE_ARCH = YES;
				SDKROOT = iphoneos;
				SWIFT_ACTIVE_COMPILATION_CONDITIONS = DEBUG;
				SWIFT_OPTIMIZATION_LEVEL = "-Onone";
			};
			name = Debug;
		};
		24E277BA2649327B00CBFB2A /* Release */ = {
			isa = XCBuildConfiguration;
			buildSettings = {
				ALWAYS_SEARCH_USER_PATHS = NO;
				CLANG_ANALYZER_NONNULL = YES;
				CLANG_ANALYZER_NUMBER_OBJECT_CONVERSION = YES_AGGRESSIVE;
				CLANG_CXX_LANGUAGE_STANDARD = "gnu++14";
				CLANG_CXX_LIBRARY = "libc++";
				CLANG_ENABLE_MODULES = YES;
				CLANG_ENABLE_OBJC_ARC = YES;
				CLANG_ENABLE_OBJC_WEAK = YES;
				CLANG_WARN_BLOCK_CAPTURE_AUTORELEASING = YES;
				CLANG_WARN_BOOL_CONVERSION = YES;
				CLANG_WARN_COMMA = YES;
				CLANG_WARN_CONSTANT_CONVERSION = YES;
				CLANG_WARN_DEPRECATED_OBJC_IMPLEMENTATIONS = YES;
				CLANG_WARN_DIRECT_OBJC_ISA_USAGE = YES_ERROR;
				CLANG_WARN_DOCUMENTATION_COMMENTS = YES;
				CLANG_WARN_EMPTY_BODY = YES;
				CLANG_WARN_ENUM_CONVERSION = YES;
				CLANG_WARN_INFINITE_RECURSION = YES;
				CLANG_WARN_INT_CONVERSION = YES;
				CLANG_WARN_NON_LITERAL_NULL_CONVERSION = YES;
				CLANG_WARN_OBJC_IMPLICIT_RETAIN_SELF = YES;
				CLANG_WARN_OBJC_LITERAL_CONVERSION = YES;
				CLANG_WARN_OBJC_ROOT_CLASS = YES_ERROR;
				CLANG_WARN_QUOTED_INCLUDE_IN_FRAMEWORK_HEADER = YES;
				CLANG_WARN_RANGE_LOOP_ANALYSIS = YES;
				CLANG_WARN_STRICT_PROTOTYPES = YES;
				CLANG_WARN_SUSPICIOUS_MOVE = YES;
				CLANG_WARN_UNGUARDED_AVAILABILITY = YES_AGGRESSIVE;
				CLANG_WARN_UNREACHABLE_CODE = YES;
				CLANG_WARN__DUPLICATE_METHOD_MATCH = YES;
				COPY_PHASE_STRIP = NO;
				DEBUG_INFORMATION_FORMAT = "dwarf-with-dsym";
				ENABLE_NS_ASSERTIONS = NO;
				ENABLE_STRICT_OBJC_MSGSEND = YES;
				GCC_C_LANGUAGE_STANDARD = gnu11;
				GCC_NO_COMMON_BLOCKS = YES;
				GCC_WARN_64_TO_32_BIT_CONVERSION = YES;
				GCC_WARN_ABOUT_RETURN_TYPE = YES_ERROR;
				GCC_WARN_UNDECLARED_SELECTOR = YES;
				GCC_WARN_UNINITIALIZED_AUTOS = YES_AGGRESSIVE;
				GCC_WARN_UNUSED_FUNCTION = YES;
				GCC_WARN_UNUSED_VARIABLE = YES;
				IPHONEOS_DEPLOYMENT_TARGET = 14.5;
				MTL_ENABLE_DEBUG_INFO = NO;
				MTL_FAST_MATH = YES;
				SDKROOT = iphoneos;
				SWIFT_COMPILATION_MODE = wholemodule;
				SWIFT_OPTIMIZATION_LEVEL = "-O";
				VALIDATE_PRODUCT = YES;
			};
			name = Release;
		};
		24E277BC2649327B00CBFB2A /* Debug */ = {
			isa = XCBuildConfiguration;
			buildSettings = {
				ASSETCATALOG_COMPILER_APPICON_NAME = AppIcon;
				ASSETCATALOG_COMPILER_GLOBAL_ACCENT_COLOR_NAME = AccentColor;
				CODE_SIGN_STYLE = Automatic;
				INFOPLIST_FILE = SettingTableView/Info.plist;
				LD_RUNPATH_SEARCH_PATHS = (
					"$(inherited)",
					"@executable_path/Frameworks",
				);
				PRODUCT_BUNDLE_IDENTIFIER = com.minseong.SettingTableView;
				PRODUCT_NAME = "$(TARGET_NAME)";
				SWIFT_VERSION = 5.0;
				TARGETED_DEVICE_FAMILY = "1,2";
			};
			name = Debug;
		};
		24E277BD2649327B00CBFB2A /* Release */ = {
			isa = XCBuildConfiguration;
			buildSettings = {
				ASSETCATALOG_COMPILER_APPICON_NAME = AppIcon;
				ASSETCATALOG_COMPILER_GLOBAL_ACCENT_COLOR_NAME = AccentColor;
				CODE_SIGN_STYLE = Automatic;
				INFOPLIST_FILE = SettingTableView/Info.plist;
				LD_RUNPATH_SEARCH_PATHS = (
					"$(inherited)",
					"@executable_path/Frameworks",
				);
				PRODUCT_BUNDLE_IDENTIFIER = com.minseong.SettingTableView;
				PRODUCT_NAME = "$(TARGET_NAME)";
				SWIFT_VERSION = 5.0;
				TARGETED_DEVICE_FAMILY = "1,2";
			};
			name = Release;
		};
/* End XCBuildConfiguration section */

/* Begin XCConfigurationList section */
		24E277A22649327B00CBFB2A /* Build configuration list for PBXProject "SettingTableView" */ = {
			isa = XCConfigurationList;
			buildConfigurations = (
				24E277B92649327B00CBFB2A /* Debug */,
				24E277BA2649327B00CBFB2A /* Release */,
			);
			defaultConfigurationIsVisible = 0;
			defaultConfigurationName = Release;
		};
		24E277BB2649327B00CBFB2A /* Build configuration list for PBXNativeTarget "SettingTableView" */ = {
			isa = XCConfigurationList;
			buildConfigurations = (
				24E277BC2649327B00CBFB2A /* Debug */,
				24E277BD2649327B00CBFB2A /* Release */,
			);
			defaultConfigurationIsVisible = 0;
			defaultConfigurationName = Release;
		};
/* End XCConfigurationList section */
	};
	rootObject = 24E2779F2649327B00CBFB2A /* Project object */;
}
