// !$*UTF8*$!
{
	archiveVersion = 1;
	classes = {
	};
	objectVersion = 50;
	objects = {

/* Begin PBXBuildFile section */
		2409B6F9265C439B008D383B /* AppDelegate.swift in Sources */ = {isa = PBXBuildFile; fileRef = 2409B6F8265C439B008D383B /* AppDelegate.swift */; };
		2409B6FB265C439B008D383B /* SceneDelegate.swift in Sources */ = {isa = PBXBuildFile; fileRef = 2409B6FA265C439B008D383B /* SceneDelegate.swift */; };
		2409B6FD265C439B008D383B /* SearchViewController.swift in Sources */ = {isa = PBXBuildFile; fileRef = 2409B6FC265C439B008D383B /* SearchViewController.swift */; };
		2409B700265C439B008D383B /* Main.storyboard in Resources */ = {isa = PBXBuildFile; fileRef = 2409B6FE265C439B008D383B /* Main.storyboard */; };
		2409B702265C439C008D383B /* Assets.xcassets in Resources */ = {isa = PBXBuildFile; fileRef = 2409B701265C439C008D383B /* Assets.xcassets */; };
		2409B705265C439C008D383B /* LaunchScreen.storyboard in Resources */ = {isa = PBXBuildFile; fileRef = 2409B703265C439C008D383B /* LaunchScreen.storyboard */; };
		2409B718265C442E008D383B /* Movie.swift in Sources */ = {isa = PBXBuildFile; fileRef = 2409B717265C442E008D383B /* Movie.swift */; };
		2409B71A265C446F008D383B /* MovieEndPoint.swift in Sources */ = {isa = PBXBuildFile; fileRef = 2409B719265C446F008D383B /* MovieEndPoint.swift */; };
		2409B71C265C4484008D383B /* NetworkManager.swift in Sources */ = {isa = PBXBuildFile; fileRef = 2409B71B265C4484008D383B /* NetworkManager.swift */; };
		2409B71E265C449D008D383B /* EndPointType.swift in Sources */ = {isa = PBXBuildFile; fileRef = 2409B71D265C449D008D383B /* EndPointType.swift */; };
		2409B720265C44A6008D383B /* Router.swift in Sources */ = {isa = PBXBuildFile; fileRef = 2409B71F265C44A6008D383B /* Router.swift */; };
		2409B722265C44AC008D383B /* HTTPMethod.swift in Sources */ = {isa = PBXBuildFile; fileRef = 2409B721265C44AC008D383B /* HTTPMethod.swift */; };
		2409B724265C44B2008D383B /* HTTPTask.swift in Sources */ = {isa = PBXBuildFile; fileRef = 2409B723265C44B2008D383B /* HTTPTask.swift */; };
		2409B726265C44BD008D383B /* NetworkLogger.swift in Sources */ = {isa = PBXBuildFile; fileRef = 2409B725265C44BD008D383B /* NetworkLogger.swift */; };
		2409B72A265C450E008D383B /* ParameterEncoding.swift in Sources */ = {isa = PBXBuildFile; fileRef = 2409B729265C450E008D383B /* ParameterEncoding.swift */; };
		2409B72E265C4536008D383B /* URLParameterEncoding.swift in Sources */ = {isa = PBXBuildFile; fileRef = 2409B72D265C4536008D383B /* URLParameterEncoding.swift */; };
		2409B730265C454C008D383B /* JSONParameterEncoder.swift in Sources */ = {isa = PBXBuildFile; fileRef = 2409B72F265C454C008D383B /* JSONParameterEncoder.swift */; };
		2409B734265C7289008D383B /* MovieViewController.swift in Sources */ = {isa = PBXBuildFile; fileRef = 2409B733265C7289008D383B /* MovieViewController.swift */; };
		2409B739265C749D008D383B /* MovieTableViewCell.swift in Sources */ = {isa = PBXBuildFile; fileRef = 2409B737265C749D008D383B /* MovieTableViewCell.swift */; };
		2409B73A265C749D008D383B /* MovieTableViewCell.xib in Resources */ = {isa = PBXBuildFile; fileRef = 2409B738265C749D008D383B /* MovieTableViewCell.xib */; };
/* End PBXBuildFile section */

/* Begin PBXFileReference section */
		2409B6F5265C439B008D383B /* Network Layer.app */ = {isa = PBXFileReference; explicitFileType = wrapper.application; includeInIndex = 0; path = "Network Layer.app"; sourceTree = BUILT_PRODUCTS_DIR; };
		2409B6F8265C439B008D383B /* AppDelegate.swift */ = {isa = PBXFileReference; lastKnownFileType = sourcecode.swift; path = AppDelegate.swift; sourceTree = "<group>"; };
		2409B6FA265C439B008D383B /* SceneDelegate.swift */ = {isa = PBXFileReference; lastKnownFileType = sourcecode.swift; path = SceneDelegate.swift; sourceTree = "<group>"; };
		2409B6FC265C439B008D383B /* SearchViewController.swift */ = {isa = PBXFileReference; lastKnownFileType = sourcecode.swift; path = SearchViewController.swift; sourceTree = "<group>"; };
		2409B6FF265C439B008D383B /* Base */ = {isa = PBXFileReference; lastKnownFileType = file.storyboard; name = Base; path = Base.lproj/Main.storyboard; sourceTree = "<group>"; };
		2409B701265C439C008D383B /* Assets.xcassets */ = {isa = PBXFileReference; lastKnownFileType = folder.assetcatalog; path = Assets.xcassets; sourceTree = "<group>"; };
		2409B704265C439C008D383B /* Base */ = {isa = PBXFileReference; lastKnownFileType = file.storyboard; name = Base; path = Base.lproj/LaunchScreen.storyboard; sourceTree = "<group>"; };
		2409B706265C439C008D383B /* Info.plist */ = {isa = PBXFileReference; lastKnownFileType = text.plist.xml; path = Info.plist; sourceTree = "<group>"; };
		2409B717265C442E008D383B /* Movie.swift */ = {isa = PBXFileReference; lastKnownFileType = sourcecode.swift; path = Movie.swift; sourceTree = "<group>"; };
		2409B719265C446F008D383B /* MovieEndPoint.swift */ = {isa = PBXFileReference; lastKnownFileType = sourcecode.swift; path = MovieEndPoint.swift; sourceTree = "<group>"; };
		2409B71B265C4484008D383B /* NetworkManager.swift */ = {isa = PBXFileReference; lastKnownFileType = sourcecode.swift; path = NetworkManager.swift; sourceTree = "<group>"; };
		2409B71D265C449D008D383B /* EndPointType.swift */ = {isa = PBXFileReference; lastKnownFileType = sourcecode.swift; path = EndPointType.swift; sourceTree = "<group>"; };
		2409B71F265C44A6008D383B /* Router.swift */ = {isa = PBXFileReference; lastKnownFileType = sourcecode.swift; path = Router.swift; sourceTree = "<group>"; };
		2409B721265C44AC008D383B /* HTTPMethod.swift */ = {isa = PBXFileReference; lastKnownFileType = sourcecode.swift; path = HTTPMethod.swift; sourceTree = "<group>"; };
		2409B723265C44B2008D383B /* HTTPTask.swift */ = {isa = PBXFileReference; lastKnownFileType = sourcecode.swift; path = HTTPTask.swift; sourceTree = "<group>"; };
		2409B725265C44BD008D383B /* NetworkLogger.swift */ = {isa = PBXFileReference; lastKnownFileType = sourcecode.swift; path = NetworkLogger.swift; sourceTree = "<group>"; };
		2409B729265C450E008D383B /* ParameterEncoding.swift */ = {isa = PBXFileReference; lastKnownFileType = sourcecode.swift; path = ParameterEncoding.swift; sourceTree = "<group>"; };
		2409B72D265C4536008D383B /* URLParameterEncoding.swift */ = {isa = PBXFileReference; lastKnownFileType = sourcecode.swift; path = URLParameterEncoding.swift; sourceTree = "<group>"; };
		2409B72F265C454C008D383B /* JSONParameterEncoder.swift */ = {isa = PBXFileReference; lastKnownFileType = sourcecode.swift; path = JSONParameterEncoder.swift; sourceTree = "<group>"; };
		2409B733265C7289008D383B /* MovieViewController.swift */ = {isa = PBXFileReference; lastKnownFileType = sourcecode.swift; path = MovieViewController.swift; sourceTree = "<group>"; };
		2409B737265C749D008D383B /* MovieTableViewCell.swift */ = {isa = PBXFileReference; lastKnownFileType = sourcecode.swift; path = MovieTableViewCell.swift; sourceTree = "<group>"; };
		2409B738265C749D008D383B /* MovieTableViewCell.xib */ = {isa = PBXFileReference; lastKnownFileType = file.xib; path = MovieTableViewCell.xib; sourceTree = "<group>"; };
/* End PBXFileReference section */

/* Begin PBXFrameworksBuildPhase section */
		2409B6F2265C439B008D383B /* Frameworks */ = {
			isa = PBXFrameworksBuildPhase;
			buildActionMask = 2147483647;
			files = (
			);
			runOnlyForDeploymentPostprocessing = 0;
		};
/* End PBXFrameworksBuildPhase section */

/* Begin PBXGroup section */
		2409B6EC265C439B008D383B = {
			isa = PBXGroup;
			children = (
				2409B6F7265C439B008D383B /* Network Layer */,
				2409B6F6265C439B008D383B /* Products */,
			);
			sourceTree = "<group>";
		};
		2409B6F6265C439B008D383B /* Products */ = {
			isa = PBXGroup;
			children = (
				2409B6F5265C439B008D383B /* Network Layer.app */,
			);
			name = Products;
			sourceTree = "<group>";
		};
		2409B6F7265C439B008D383B /* Network Layer */ = {
			isa = PBXGroup;
			children = (
				2409B70F265C43EB008D383B /* Networking */,
				2409B70C265C43AF008D383B /* Common */,
				2409B70D265C43D0008D383B /* Storyboard */,
				2409B714265C4411008D383B /* Module */,
				2409B701265C439C008D383B /* Assets.xcassets */,
			);
			path = "Network Layer";
			sourceTree = "<group>";
		};
		2409B70C265C43AF008D383B /* Common */ = {
			isa = PBXGroup;
			children = (
				2409B6F8265C439B008D383B /* AppDelegate.swift */,
				2409B6FA265C439B008D383B /* SceneDelegate.swift */,
				2409B706265C439C008D383B /* Info.plist */,
			);
			path = Common;
			sourceTree = "<group>";
		};
		2409B70D265C43D0008D383B /* Storyboard */ = {
			isa = PBXGroup;
			children = (
				2409B6FE265C439B008D383B /* Main.storyboard */,
				2409B703265C439C008D383B /* LaunchScreen.storyboard */,
			);
			path = Storyboard;
			sourceTree = "<group>";
		};
		2409B70E265C43E1008D383B /* Controller */ = {
			isa = PBXGroup;
			children = (
				2409B6FC265C439B008D383B /* SearchViewController.swift */,
				2409B733265C7289008D383B /* MovieViewController.swift */,
				2409B737265C749D008D383B /* MovieTableViewCell.swift */,
			);
			path = Controller;
			sourceTree = "<group>";
		};
		2409B70F265C43EB008D383B /* Networking */ = {
			isa = PBXGroup;
			children = (
				2409B713265C4403008D383B /* EndPoint */,
				2409B712265C43FD008D383B /* Manager */,
				2409B711265C43FA008D383B /* Service */,
				2409B710265C43F3008D383B /* Encoding */,
			);
			path = Networking;
			sourceTree = "<group>";
		};
		2409B710265C43F3008D383B /* Encoding */ = {
			isa = PBXGroup;
			children = (
				2409B729265C450E008D383B /* ParameterEncoding.swift */,
				2409B72D265C4536008D383B /* URLParameterEncoding.swift */,
				2409B72F265C454C008D383B /* JSONParameterEncoder.swift */,
			);
			path = Encoding;
			sourceTree = "<group>";
		};
		2409B711265C43FA008D383B /* Service */ = {
			isa = PBXGroup;
			children = (
				2409B71D265C449D008D383B /* EndPointType.swift */,
				2409B71F265C44A6008D383B /* Router.swift */,
				2409B721265C44AC008D383B /* HTTPMethod.swift */,
				2409B723265C44B2008D383B /* HTTPTask.swift */,
				2409B725265C44BD008D383B /* NetworkLogger.swift */,
			);
			path = Service;
			sourceTree = "<group>";
		};
		2409B712265C43FD008D383B /* Manager */ = {
			isa = PBXGroup;
			children = (
				2409B71B265C4484008D383B /* NetworkManager.swift */,
			);
			path = Manager;
			sourceTree = "<group>";
		};
		2409B713265C4403008D383B /* EndPoint */ = {
			isa = PBXGroup;
			children = (
				2409B719265C446F008D383B /* MovieEndPoint.swift */,
			);
			path = EndPoint;
			sourceTree = "<group>";
		};
		2409B714265C4411008D383B /* Module */ = {
			isa = PBXGroup;
			children = (
				2409B716265C441D008D383B /* Model */,
				2409B715265C4419008D383B /* View */,
				2409B70E265C43E1008D383B /* Controller */,
			);
			path = Module;
			sourceTree = "<group>";
		};
		2409B715265C4419008D383B /* View */ = {
			isa = PBXGroup;
			children = (
				2409B738265C749D008D383B /* MovieTableViewCell.xib */,
			);
			path = View;
			sourceTree = "<group>";
		};
		2409B716265C441D008D383B /* Model */ = {
			isa = PBXGroup;
			children = (
				2409B717265C442E008D383B /* Movie.swift */,
			);
			path = Model;
			sourceTree = "<group>";
		};
/* End PBXGroup section */

/* Begin PBXNativeTarget section */
		2409B6F4265C439B008D383B /* Network Layer */ = {
			isa = PBXNativeTarget;
			buildConfigurationList = 2409B709265C439C008D383B /* Build configuration list for PBXNativeTarget "Network Layer" */;
			buildPhases = (
				2409B6F1265C439B008D383B /* Sources */,
				2409B6F2265C439B008D383B /* Frameworks */,
				2409B6F3265C439B008D383B /* Resources */,
			);
			buildRules = (
			);
			dependencies = (
			);
			name = "Network Layer";
			productName = "Network Layer";
			productReference = 2409B6F5265C439B008D383B /* Network Layer.app */;
			productType = "com.apple.product-type.application";
		};
/* End PBXNativeTarget section */

/* Begin PBXProject section */
		2409B6ED265C439B008D383B /* Project object */ = {
			isa = PBXProject;
			attributes = {
				LastSwiftUpdateCheck = 1250;
				LastUpgradeCheck = 1250;
				TargetAttributes = {
					2409B6F4265C439B008D383B = {
						CreatedOnToolsVersion = 12.5;
					};
				};
			};
			buildConfigurationList = 2409B6F0265C439B008D383B /* Build configuration list for PBXProject "Network Layer" */;
			compatibilityVersion = "Xcode 9.3";
			developmentRegion = en;
			hasScannedForEncodings = 0;
			knownRegions = (
				en,
				Base,
			);
			mainGroup = 2409B6EC265C439B008D383B;
			productRefGroup = 2409B6F6265C439B008D383B /* Products */;
			projectDirPath = "";
			projectRoot = "";
			targets = (
				2409B6F4265C439B008D383B /* Network Layer */,
			);
		};
/* End PBXProject section */

/* Begin PBXResourcesBuildPhase section */
		2409B6F3265C439B008D383B /* Resources */ = {
			isa = PBXResourcesBuildPhase;
			buildActionMask = 2147483647;
			files = (
				2409B705265C439C008D383B /* LaunchScreen.storyboard in Resources */,
				2409B702265C439C008D383B /* Assets.xcassets in Resources */,
				2409B73A265C749D008D383B /* MovieTableViewCell.xib in Resources */,
				2409B700265C439B008D383B /* Main.storyboard in Resources */,
			);
			runOnlyForDeploymentPostprocessing = 0;
		};
/* End PBXResourcesBuildPhase section */

/* Begin PBXSourcesBuildPhase section */
		2409B6F1265C439B008D383B /* Sources */ = {
			isa = PBXSourcesBuildPhase;
			buildActionMask = 2147483647;
			files = (
				2409B720265C44A6008D383B /* Router.swift in Sources */,
				2409B71C265C4484008D383B /* NetworkManager.swift in Sources */,
				2409B72E265C4536008D383B /* URLParameterEncoding.swift in Sources */,
				2409B6FD265C439B008D383B /* SearchViewController.swift in Sources */,
				2409B6F9265C439B008D383B /* AppDelegate.swift in Sources */,
				2409B718265C442E008D383B /* Movie.swift in Sources */,
				2409B739265C749D008D383B /* MovieTableViewCell.swift in Sources */,
				2409B722265C44AC008D383B /* HTTPMethod.swift in Sources */,
				2409B72A265C450E008D383B /* ParameterEncoding.swift in Sources */,
				2409B724265C44B2008D383B /* HTTPTask.swift in Sources */,
				2409B6FB265C439B008D383B /* SceneDelegate.swift in Sources */,
				2409B71A265C446F008D383B /* MovieEndPoint.swift in Sources */,
				2409B734265C7289008D383B /* MovieViewController.swift in Sources */,
				2409B71E265C449D008D383B /* EndPointType.swift in Sources */,
				2409B730265C454C008D383B /* JSONParameterEncoder.swift in Sources */,
				2409B726265C44BD008D383B /* NetworkLogger.swift in Sources */,
			);
			runOnlyForDeploymentPostprocessing = 0;
		};
/* End PBXSourcesBuildPhase section */

/* Begin PBXVariantGroup section */
		2409B6FE265C439B008D383B /* Main.storyboard */ = {
			isa = PBXVariantGroup;
			children = (
				2409B6FF265C439B008D383B /* Base */,
			);
			name = Main.storyboard;
			sourceTree = "<group>";
		};
		2409B703265C439C008D383B /* LaunchScreen.storyboard */ = {
			isa = PBXVariantGroup;
			children = (
				2409B704265C439C008D383B /* Base */,
			);
			name = LaunchScreen.storyboard;
			sourceTree = "<group>";
		};
/* End PBXVariantGroup section */

/* Begin XCBuildConfiguration section */
		2409B707265C439C008D383B /* Debug */ = {
			isa = XCBuildConfiguration;
			buildSettings = {
				ALWAYS_SEARCH_USER_PATHS = NO;
				CLANG_ANALYZER_NONNULL = YES;
				CLANG_ANALYZER_NUMBER_OBJECT_CONVERSION = YES_AGGRESSIVE;
				CLANG_CXX_LANGUAGE_STANDARD = "gnu++14";
				CLANG_CXX_LIBRARY = "libc++";
				CLANG_ENABLE_MODULES = YES;
				CLANG_ENABLE_OBJC_ARC = YES;
				CLANG_ENABLE_OBJC_WEAK = YES;
				CLANG_WARN_BLOCK_CAPTURE_AUTORELEASING = YES;
				CLANG_WARN_BOOL_CONVERSION = YES;
				CLANG_WARN_COMMA = YES;
				CLANG_WARN_CONSTANT_CONVERSION = YES;
				CLANG_WARN_DEPRECATED_OBJC_IMPLEMENTATIONS = YES;
				CLANG_WARN_DIRECT_OBJC_ISA_USAGE = YES_ERROR;
				CLANG_WARN_DOCUMENTATION_COMMENTS = YES;
				CLANG_WARN_EMPTY_BODY = YES;
				CLANG_WARN_ENUM_CONVERSION = YES;
				CLANG_WARN_INFINITE_RECURSION = YES;
				CLANG_WARN_INT_CONVERSION = YES;
				CLANG_WARN_NON_LITERAL_NULL_CONVERSION = YES;
				CLANG_WARN_OBJC_IMPLICIT_RETAIN_SELF = YES;
				CLANG_WARN_OBJC_LITERAL_CONVERSION = YES;
				CLANG_WARN_OBJC_ROOT_CLASS = YES_ERROR;
				CLANG_WARN_QUOTED_INCLUDE_IN_FRAMEWORK_HEADER = YES;
				CLANG_WARN_RANGE_LOOP_ANALYSIS = YES;
				CLANG_WARN_STRICT_PROTOTYPES = YES;
				CLANG_WARN_SUSPICIOUS_MOVE = YES;
				CLANG_WARN_UNGUARDED_AVAILABILITY = YES_AGGRESSIVE;
				CLANG_WARN_UNREACHABLE_CODE = YES;
				CLANG_WARN__DUPLICATE_METHOD_MATCH = YES;
				COPY_PHASE_STRIP = NO;
				DEBUG_INFORMATION_FORMAT = dwarf;
				ENABLE_STRICT_OBJC_MSGSEND = YES;
				ENABLE_TESTABILITY = YES;
				GCC_C_LANGUAGE_STANDARD = gnu11;
				GCC_DYNAMIC_NO_PIC = NO;
				GCC_NO_COMMON_BLOCKS = YES;
				GCC_OPTIMIZATION_LEVEL = 0;
				GCC_PREPROCESSOR_DEFINITIONS = (
					"DEBUG=1",
					"$(inherited)",
				);
				GCC_WARN_64_TO_32_BIT_CONVERSION = YES;
				GCC_WARN_ABOUT_RETURN_TYPE = YES_ERROR;
				GCC_WARN_UNDECLARED_SELECTOR = YES;
				GCC_WARN_UNINITIALIZED_AUTOS = YES_AGGRESSIVE;
				GCC_WARN_UNUSED_FUNCTION = YES;
				GCC_WARN_UNUSED_VARIABLE = YES;
				IPHONEOS_DEPLOYMENT_TARGET = 14.5;
				MTL_ENABLE_DEBUG_INFO = INCLUDE_SOURCE;
				MTL_FAST_MATH = YES;
				ONLY_ACTIVE_ARCH = YES;
				SDKROOT = iphoneos;
				SWIFT_ACTIVE_COMPILATION_CONDITIONS = DEBUG;
				SWIFT_OPTIMIZATION_LEVEL = "-Onone";
			};
			name = Debug;
		};
		2409B708265C439C008D383B /* Release */ = {
			isa = XCBuildConfiguration;
			buildSettings = {
				ALWAYS_SEARCH_USER_PATHS = NO;
				CLANG_ANALYZER_NONNULL = YES;
				CLANG_ANALYZER_NUMBER_OBJECT_CONVERSION = YES_AGGRESSIVE;
				CLANG_CXX_LANGUAGE_STANDARD = "gnu++14";
				CLANG_CXX_LIBRARY = "libc++";
				CLANG_ENABLE_MODULES = YES;
				CLANG_ENABLE_OBJC_ARC = YES;
				CLANG_ENABLE_OBJC_WEAK = YES;
				CLANG_WARN_BLOCK_CAPTURE_AUTORELEASING = YES;
				CLANG_WARN_BOOL_CONVERSION = YES;
				CLANG_WARN_COMMA = YES;
				CLANG_WARN_CONSTANT_CONVERSION = YES;
				CLANG_WARN_DEPRECATED_OBJC_IMPLEMENTATIONS = YES;
				CLANG_WARN_DIRECT_OBJC_ISA_USAGE = YES_ERROR;
				CLANG_WARN_DOCUMENTATION_COMMENTS = YES;
				CLANG_WARN_EMPTY_BODY = YES;
				CLANG_WARN_ENUM_CONVERSION = YES;
				CLANG_WARN_INFINITE_RECURSION = YES;
				CLANG_WARN_INT_CONVERSION = YES;
				CLANG_WARN_NON_LITERAL_NULL_CONVERSION = YES;
				CLANG_WARN_OBJC_IMPLICIT_RETAIN_SELF = YES;
				CLANG_WARN_OBJC_LITERAL_CONVERSION = YES;
				CLANG_WARN_OBJC_ROOT_CLASS = YES_ERROR;
				CLANG_WARN_QUOTED_INCLUDE_IN_FRAMEWORK_HEADER = YES;
				CLANG_WARN_RANGE_LOOP_ANALYSIS = YES;
				CLANG_WARN_STRICT_PROTOTYPES = YES;
				CLANG_WARN_SUSPICIOUS_MOVE = YES;
				CLANG_WARN_UNGUARDED_AVAILABILITY = YES_AGGRESSIVE;
				CLANG_WARN_UNREACHABLE_CODE = YES;
				CLANG_WARN__DUPLICATE_METHOD_MATCH = YES;
				COPY_PHASE_STRIP = NO;
				DEBUG_INFORMATION_FORMAT = "dwarf-with-dsym";
				ENABLE_NS_ASSERTIONS = NO;
				ENABLE_STRICT_OBJC_MSGSEND = YES;
				GCC_C_LANGUAGE_STANDARD = gnu11;
				GCC_NO_COMMON_BLOCKS = YES;
				GCC_WARN_64_TO_32_BIT_CONVERSION = YES;
				GCC_WARN_ABOUT_RETURN_TYPE = YES_ERROR;
				GCC_WARN_UNDECLARED_SELECTOR = YES;
				GCC_WARN_UNINITIALIZED_AUTOS = YES_AGGRESSIVE;
				GCC_WARN_UNUSED_FUNCTION = YES;
				GCC_WARN_UNUSED_VARIABLE = YES;
				IPHONEOS_DEPLOYMENT_TARGET = 14.5;
				MTL_ENABLE_DEBUG_INFO = NO;
				MTL_FAST_MATH = YES;
				SDKROOT = iphoneos;
				SWIFT_COMPILATION_MODE = wholemodule;
				SWIFT_OPTIMIZATION_LEVEL = "-O";
				VALIDATE_PRODUCT = YES;
			};
			name = Release;
		};
		2409B70A265C439C008D383B /* Debug */ = {
			isa = XCBuildConfiguration;
			buildSettings = {
				ASSETCATALOG_COMPILER_APPICON_NAME = AppIcon;
				ASSETCATALOG_COMPILER_GLOBAL_ACCENT_COLOR_NAME = AccentColor;
				CODE_SIGN_STYLE = Automatic;
				INFOPLIST_FILE = "Network Layer/Common/Info.plist";
				LD_RUNPATH_SEARCH_PATHS = (
					"$(inherited)",
					"@executable_path/Frameworks",
				);
				PRODUCT_BUNDLE_IDENTIFIER = "com.minseong.Network-Layer";
				PRODUCT_NAME = "$(TARGET_NAME)";
				SWIFT_VERSION = 5.0;
				TARGETED_DEVICE_FAMILY = "1,2";
			};
			name = Debug;
		};
		2409B70B265C439C008D383B /* Release */ = {
			isa = XCBuildConfiguration;
			buildSettings = {
				ASSETCATALOG_COMPILER_APPICON_NAME = AppIcon;
				ASSETCATALOG_COMPILER_GLOBAL_ACCENT_COLOR_NAME = AccentColor;
				CODE_SIGN_STYLE = Automatic;
				INFOPLIST_FILE = "Network Layer/Common/Info.plist";
				LD_RUNPATH_SEARCH_PATHS = (
					"$(inherited)",
					"@executable_path/Frameworks",
				);
				PRODUCT_BUNDLE_IDENTIFIER = "com.minseong.Network-Layer";
				PRODUCT_NAME = "$(TARGET_NAME)";
				SWIFT_VERSION = 5.0;
				TARGETED_DEVICE_FAMILY = "1,2";
			};
			name = Release;
		};
/* End XCBuildConfiguration section */

/* Begin XCConfigurationList section */
		2409B6F0265C439B008D383B /* Build configuration list for PBXProject "Network Layer" */ = {
			isa = XCConfigurationList;
			buildConfigurations = (
				2409B707265C439C008D383B /* Debug */,
				2409B708265C439C008D383B /* Release */,
			);
			defaultConfigurationIsVisible = 0;
			defaultConfigurationName = Release;
		};
		2409B709265C439C008D383B /* Build configuration list for PBXNativeTarget "Network Layer" */ = {
			isa = XCConfigurationList;
			buildConfigurations = (
				2409B70A265C439C008D383B /* Debug */,
				2409B70B265C439C008D383B /* Release */,
			);
			defaultConfigurationIsVisible = 0;
			defaultConfigurationName = Release;
		};
/* End XCConfigurationList section */
	};
	rootObject = 2409B6ED265C439B008D383B /* Project object */;
}
